
Microsoft Visual Studio Solution File, Format Version 12.00
# Visual Studio Version 16
VisualStudioVersion = 16.0.30114.105
MinimumVisualStudioVersion = 10.0.40219.1
Project("{2150E333-8FDC-42A3-9474-1A3956D46DE8}") = "Construtores", "Construtores", "{B0CF4C71-1941-4AB2-8E6A-74497FBC3951}"
EndProject
Project("{FAE04EC0-301F-11D3-BF4B-00C04F79EFBC}") = "ExemploContrutores", "Construtores\ExemploContrutores\ExemploContrutores.csproj", "{7B97B5EF-120D-43C2-9D9B-831A63C2B33C}"
EndProject
Global
	GlobalSection(SolutionConfigurationPlatforms) = preSolution
		Debug|Any CPU = Debug|Any CPU
		Release|Any CPU = Release|Any CPU
	EndGlobalSection
	GlobalSection(SolutionProperties) = preSolution
		HideSolutionNode = FALSE
	EndGlobalSection
	GlobalSection(ProjectConfigurationPlatforms) = postSolution
		{7B97B5EF-120D-43C2-9D9B-831A63C2B33C}.Debug|Any CPU.ActiveCfg = Debug|Any CPU
		{7B97B5EF-120D-43C2-9D9B-831A63C2B33C}.Debug|Any CPU.Build.0 = Debug|Any CPU
		{7B97B5EF-120D-43C2-9D9B-831A63C2B33C}.Release|Any CPU.ActiveCfg = Release|Any CPU
		{7B97B5EF-120D-43C2-9D9B-831A63C2B33C}.Release|Any CPU.Build.0 = Release|Any CPU
	EndGlobalSection
	GlobalSection(NestedProjects) = preSolution
		{7B97B5EF-120D-43C2-9D9B-831A63C2B33C} = {B0CF4C71-1941-4AB2-8E6A-74497FBC3951}
	EndGlobalSection
EndGlobal
